{
    "_meta": {
        "hash": {
            "sha256": "41bd6e45bc46742fdc01673648c4681b22934b214ef6ef6515443410f629f992"
        },
        "pipfile-spec": 6,
        "requires": {
            "python_version": "3.7"
        },
        "sources": [
            {
                "name": "pypi",
                "url": "https://pypi.org/simple",
                "verify_ssl": true
            }
        ]
    },
    "default": {
        "pyjwt": {
            "hashes": [
                "sha256:5c6eca3c2940464d106b99ba83b00c6add741c9becaec087fb7ccdefea71350e",
                "sha256:8d59a976fb773f3e6a39c85636357c4f0e242707394cadadd9814f5cbaa20e96"
            ],
            "index": "pypi",
            "version": "==1.7.1"
        },
        "uuid": {
            "hashes": [
                "sha256:1f87cc004ac5120466f36c5beae48b4c48cc411968eed0eaecd3da82aa96193f",
                "sha256:d4089bce9f6aed6a0c82c1a1eafaf1d78e08266cebc36398caa91c52639c8b50"
            ],
            "index": "pypi",
            "version": "==1.30"
        }
    },
    "develop": {}
}
